
Microsoft Visual Studio Solution File, Format Version 12.00
# Visual Studio 2017
Project("{FAE04EC0-301F-11D3-BF4B-00C04F79EFBC}") = "SuperHuman", "SuperHuman.csproj", "{BF95F92D-3BAA-FAF3-9058-02EA310C69DC}"
EndProject
Project("{FAE04EC0-301F-11D3-BF4B-00C04F79EFBC}") = "SuperHuman.Editor", "SuperHuman.Editor.csproj", "{F4D91683-1037-D9C0-2CDE-8616AA9DE516}"
EndProject
Global
	GlobalSection(SolutionConfigurationPlatforms) = preSolution
		Debug|Any CPU = Debug|Any CPU
		Release|Any CPU = Release|Any CPU
	EndGlobalSection
	GlobalSection(ProjectConfigurationPlatforms) = postSolution
		{BF95F92D-3BAA-FAF3-9058-02EA310C69DC}.Debug|Any CPU.ActiveCfg = Debug|Any CPU
		{BF95F92D-3BAA-FAF3-9058-02EA310C69DC}.Debug|Any CPU.Build.0 = Debug|Any CPU
		{BF95F92D-3BAA-FAF3-9058-02EA310C69DC}.Release|Any CPU.ActiveCfg = Release|Any CPU
		{BF95F92D-3BAA-FAF3-9058-02EA310C69DC}.Release|Any CPU.Build.0 = Release|Any CPU
		{F4D91683-1037-D9C0-2CDE-8616AA9DE516}.Debug|Any CPU.ActiveCfg = Debug|Any CPU
		{F4D91683-1037-D9C0-2CDE-8616AA9DE516}.Debug|Any CPU.Build.0 = Debug|Any CPU
		{F4D91683-1037-D9C0-2CDE-8616AA9DE516}.Release|Any CPU.ActiveCfg = Release|Any CPU
		{F4D91683-1037-D9C0-2CDE-8616AA9DE516}.Release|Any CPU.Build.0 = Release|Any CPU
	EndGlobalSection
	GlobalSection(SolutionProperties) = preSolution
		HideSolutionNode = FALSE
	EndGlobalSection
EndGlobal
