
Microsoft Visual Studio Solution File, Format Version 11.00
# Visual Studio 2010
Project("{FAE04EC0-301F-11D3-BF4B-00C04F79EFBC}") = "SuperHuman", "Assembly-CSharp.csproj", "{298C7ED3-5475-0852-4896-B972975794E1}"
EndProject
Project("{FAE04EC0-301F-11D3-BF4B-00C04F79EFBC}") = "SuperHuman", "Assembly-CSharp-Editor.csproj", "{C104AB70-7337-7D70-D952-DF644953D74A}"
EndProject
Global
	GlobalSection(SolutionConfigurationPlatforms) = preSolution
		Debug|Any CPU = Debug|Any CPU
		Release|Any CPU = Release|Any CPU
	EndGlobalSection
	GlobalSection(ProjectConfigurationPlatforms) = postSolution
		{298C7ED3-5475-0852-4896-B972975794E1}.Debug|Any CPU.ActiveCfg = Debug|Any CPU
		{298C7ED3-5475-0852-4896-B972975794E1}.Debug|Any CPU.Build.0 = Debug|Any CPU
		{298C7ED3-5475-0852-4896-B972975794E1}.Release|Any CPU.ActiveCfg = Release|Any CPU
		{298C7ED3-5475-0852-4896-B972975794E1}.Release|Any CPU.Build.0 = Release|Any CPU
		{C104AB70-7337-7D70-D952-DF644953D74A}.Debug|Any CPU.ActiveCfg = Debug|Any CPU
		{C104AB70-7337-7D70-D952-DF644953D74A}.Debug|Any CPU.Build.0 = Debug|Any CPU
		{C104AB70-7337-7D70-D952-DF644953D74A}.Release|Any CPU.ActiveCfg = Release|Any CPU
		{C104AB70-7337-7D70-D952-DF644953D74A}.Release|Any CPU.Build.0 = Release|Any CPU
	EndGlobalSection
	GlobalSection(SolutionProperties) = preSolution
		HideSolutionNode = FALSE
	EndGlobalSection
	GlobalSection(MonoDevelopProperties) = preSolution
		StartupItem = Assembly-CSharp.csproj
	EndGlobalSection
EndGlobal
