
Microsoft Visual Studio Solution File, Format Version 12.00
# Visual Studio 2017
Project("{FAE04EC0-301F-11D3-BF4B-00C04F79EFBC}") = "Assets", "Assets.csproj", "{60425246-6953-4132-7F87-1B889A149B8C}"
EndProject
Project("{FAE04EC0-301F-11D3-BF4B-00C04F79EFBC}") = "Assets.Editor", "Assets.Editor.csproj", "{659431A3-8A27-C4A7-9AFA-1B24577E3B56}"
EndProject
Global
	GlobalSection(SolutionConfigurationPlatforms) = preSolution
		Debug|Any CPU = Debug|Any CPU
		Release|Any CPU = Release|Any CPU
	EndGlobalSection
	GlobalSection(ProjectConfigurationPlatforms) = postSolution
		{60425246-6953-4132-7F87-1B889A149B8C}.Debug|Any CPU.ActiveCfg = Debug|Any CPU
		{60425246-6953-4132-7F87-1B889A149B8C}.Debug|Any CPU.Build.0 = Debug|Any CPU
		{60425246-6953-4132-7F87-1B889A149B8C}.Release|Any CPU.ActiveCfg = Release|Any CPU
		{60425246-6953-4132-7F87-1B889A149B8C}.Release|Any CPU.Build.0 = Release|Any CPU
		{659431A3-8A27-C4A7-9AFA-1B24577E3B56}.Debug|Any CPU.ActiveCfg = Debug|Any CPU
		{659431A3-8A27-C4A7-9AFA-1B24577E3B56}.Debug|Any CPU.Build.0 = Debug|Any CPU
		{659431A3-8A27-C4A7-9AFA-1B24577E3B56}.Release|Any CPU.ActiveCfg = Release|Any CPU
		{659431A3-8A27-C4A7-9AFA-1B24577E3B56}.Release|Any CPU.Build.0 = Release|Any CPU
	EndGlobalSection
	GlobalSection(SolutionProperties) = preSolution
		HideSolutionNode = FALSE
	EndGlobalSection
EndGlobal
